PODS:
  - AFNetworking (3.2.1):
    - AFNetworking/NSURLSession (= 3.2.1)
    - AFNetworking/Reachability (= 3.2.1)
    - AFNetworking/Security (= 3.2.1)
    - AFNetworking/Serialization (= 3.2.1)
    - AFNetworking/UIKit (= 3.2.1)
  - AFNetworking/NSURLSession (3.2.1):
    - AFNetworking/Reachability
    - AFNetworking/Security
    - AFNetworking/Serialization
  - AFNetworking/Reachability (3.2.1)
  - AFNetworking/Security (3.2.1)
  - AFNetworking/Serialization (3.2.1)
  - AFNetworking/UIKit (3.2.1):
    - AFNetworking/NSURLSession
  - SwiftLint (0.29.4)

DEPENDENCIES:
  - AFNetworking
  - SwiftLint

SPEC REPOS:
  https://github.com/cocoapods/specs.git:
    - AFNetworking
    - SwiftLint

SPEC CHECKSUMS:
  AFNetworking: b6f891fdfaed196b46c7a83cf209e09697b94057
  SwiftLint: 73f2ecfd0f6d812c8cb9a73c00fe809bc2504585

PODFILE CHECKSUM: 5c1aa4f8516c79658abff25fc59e302aff09c529

COCOAPODS: 1.5.3
